
Microsoft Visual Studio Solution File, Format Version 12.00
# Visual Studio Version 16
VisualStudioVersion = 16.0.30804.86
MinimumVisualStudioVersion = 10.0.40219.1
Project("{FAE04EC0-301F-11D3-BF4B-00C04F79EFBC}") = "react-hooks", "react-hooks\react-hooks.csproj", "{E530D2AE-76C4-4249-82BF-18742C1F152E}"
EndProject
Global
	GlobalSection(SolutionConfigurationPlatforms) = preSolution
		Debug|Any CPU = Debug|Any CPU
		Release|Any CPU = Release|Any CPU
	EndGlobalSection
	GlobalSection(ProjectConfigurationPlatforms) = postSolution
		{E530D2AE-76C4-4249-82BF-18742C1F152E}.Debug|Any CPU.ActiveCfg = Debug|Any CPU
		{E530D2AE-76C4-4249-82BF-18742C1F152E}.Debug|Any CPU.Build.0 = Debug|Any CPU
		{E530D2AE-76C4-4249-82BF-18742C1F152E}.Release|Any CPU.ActiveCfg = Release|Any CPU
		{E530D2AE-76C4-4249-82BF-18742C1F152E}.Release|Any CPU.Build.0 = Release|Any CPU
	EndGlobalSection
	GlobalSection(SolutionProperties) = preSolution
		HideSolutionNode = FALSE
	EndGlobalSection
	GlobalSection(ExtensibilityGlobals) = postSolution
		SolutionGuid = {14241138-F7C5-483D-B91C-AF5E2D91A115}
	EndGlobalSection
EndGlobal
